Microsoft Visual Studio Solution File, Format Version 12.00
# Visual Studio Version 17
VisualStudioVersion = 17.0.31919.166
MinimumVisualStudioVersion = 10.0.40219.1
Project("{9A19103F-16F7-4668-BE54-9A1E7A4F7556}") = "Johodp.Domain", "src\Johodp.Domain\Johodp.Domain.csproj", "{A1B2C3D4-E5F6-7890-ABCD-EF1234567890}"
EndProject
Project("{9A19103F-16F7-4668-BE54-9A1E7A4F7556}") = "Johodp.Application", "src\Johodp.Application\Johodp.Application.csproj", "{B2C3D4E5-F6A7-8901-BCDE-F12345678901}"
EndProject
Project("{9A19103F-16F7-4668-BE54-9A1E7A4F7556}") = "Johodp.Infrastructure", "src\Johodp.Infrastructure\Johodp.Infrastructure.csproj", "{C3D4E5F6-A7B8-9012-CDEF-123456789012}"
EndProject
Project("{9A19103F-16F7-4668-BE54-9A1E7A4F7556}") = "Johodp.Api", "src\Johodp.Api\Johodp.Api.csproj", "{D4E5F6A7-B8C9-0123-DEF0-234567890123}"
EndProject
Project("{2150E333-8FDC-42A3-9474-1A3956D46DE8}") = "src", "src", "{E50F9F6D-8800-4BF1-8980-75D618EE1C82}"
EndProject
Project("{FAE04EC0-301F-11D3-BF4B-00C04F79EFBC}") = "Johodp.Contracts", "src\Johodp.Contracts\Johodp.Contracts.csproj", "{A949C223-4B38-47A4-8972-33E00A87B03D}"
EndProject
Project("{FAE04EC0-301F-11D3-BF4B-00C04F79EFBC}") = "Johodp.Messaging", "src\Johodp.Messaging\Johodp.Messaging.csproj", "{BD89C23C-1889-4090-9EE8-0A75F2E0FCA7}"
EndProject
Global
	GlobalSection(SolutionConfigurationPlatforms) = preSolution
		Debug|Any CPU = Debug|Any CPU
		Release|Any CPU = Release|Any CPU
	EndGlobalSection
	GlobalSection(ProjectConfigurationPlatforms) = postSolution
		{A1B2C3D4-E5F6-7890-ABCD-EF1234567890}.Debug|Any CPU.ActiveCfg = Debug|Any CPU
		{A1B2C3D4-E5F6-7890-ABCD-EF1234567890}.Debug|Any CPU.Build.0 = Debug|Any CPU
		{A1B2C3D4-E5F6-7890-ABCD-EF1234567890}.Release|Any CPU.ActiveCfg = Release|Any CPU
		{A1B2C3D4-E5F6-7890-ABCD-EF1234567890}.Release|Any CPU.Build.0 = Release|Any CPU
		{B2C3D4E5-F6A7-8901-BCDE-F12345678901}.Debug|Any CPU.ActiveCfg = Debug|Any CPU
		{B2C3D4E5-F6A7-8901-BCDE-F12345678901}.Debug|Any CPU.Build.0 = Debug|Any CPU
		{B2C3D4E5-F6A7-8901-BCDE-F12345678901}.Release|Any CPU.ActiveCfg = Release|Any CPU
		{B2C3D4E5-F6A7-8901-BCDE-F12345678901}.Release|Any CPU.Build.0 = Release|Any CPU
		{C3D4E5F6-A7B8-9012-CDEF-123456789012}.Debug|Any CPU.ActiveCfg = Debug|Any CPU
		{C3D4E5F6-A7B8-9012-CDEF-123456789012}.Debug|Any CPU.Build.0 = Debug|Any CPU
		{C3D4E5F6-A7B8-9012-CDEF-123456789012}.Release|Any CPU.ActiveCfg = Release|Any CPU
		{C3D4E5F6-A7B8-9012-CDEF-123456789012}.Release|Any CPU.Build.0 = Release|Any CPU
		{D4E5F6A7-B8C9-0123-DEF0-234567890123}.Debug|Any CPU.ActiveCfg = Debug|Any CPU
		{D4E5F6A7-B8C9-0123-DEF0-234567890123}.Debug|Any CPU.Build.0 = Debug|Any CPU
		{D4E5F6A7-B8C9-0123-DEF0-234567890123}.Release|Any CPU.ActiveCfg = Release|Any CPU
		{D4E5F6A7-B8C9-0123-DEF0-234567890123}.Release|Any CPU.Build.0 = Release|Any CPU
		{A949C223-4B38-47A4-8972-33E00A87B03D}.Debug|Any CPU.ActiveCfg = Debug|Any CPU
		{A949C223-4B38-47A4-8972-33E00A87B03D}.Debug|Any CPU.Build.0 = Debug|Any CPU
		{A949C223-4B38-47A4-8972-33E00A87B03D}.Release|Any CPU.ActiveCfg = Release|Any CPU
		{A949C223-4B38-47A4-8972-33E00A87B03D}.Release|Any CPU.Build.0 = Release|Any CPU
		{BD89C23C-1889-4090-9EE8-0A75F2E0FCA7}.Debug|Any CPU.ActiveCfg = Debug|Any CPU
		{BD89C23C-1889-4090-9EE8-0A75F2E0FCA7}.Debug|Any CPU.Build.0 = Debug|Any CPU
		{BD89C23C-1889-4090-9EE8-0A75F2E0FCA7}.Release|Any CPU.ActiveCfg = Release|Any CPU
		{BD89C23C-1889-4090-9EE8-0A75F2E0FCA7}.Release|Any CPU.Build.0 = Release|Any CPU
	EndGlobalSection
	GlobalSection(NestedProjects) = preSolution
		{A949C223-4B38-47A4-8972-33E00A87B03D} = {E50F9F6D-8800-4BF1-8980-75D618EE1C82}
		{BD89C23C-1889-4090-9EE8-0A75F2E0FCA7} = {E50F9F6D-8800-4BF1-8980-75D618EE1C82}
	EndGlobalSection
EndGlobal
